# THIS IS AN AUTOGENERATED FILE. DO NOT EDIT THIS FILE DIRECTLY.
# yarn lockfile v1


servor@^4.0.2:
  version "4.0.2"
  resolved "https://registry.yarnpkg.com/servor/-/servor-4.0.2.tgz#6d5e5c61fbb3d6f4bde72995dbe6745829395971"
  integrity sha512-MlmQ5Ntv4jDYUN060x/KEmN7emvIqKMZ9OkM+nY8Bf2+KkyLmGsTqWLyAN2cZr5oESAcH00UanUyyrlS1LRjFw==
